
Microsoft Visual Studio Solution File, Format Version 12.00
# Visual Studio Version 17
VisualStudioVersion = 17.5.33516.290
MinimumVisualStudioVersion = 10.0.40219.1
Project("{FAE04EC0-301F-11D3-BF4B-00C04F79EFBC}") = "semestralka", "semestralka\semestralka.csproj", "{F2631931-5DBA-477F-9D7C-AAF944323815}"
EndProject
Global
	GlobalSection(SolutionConfigurationPlatforms) = preSolution
		Debug|Any CPU = Debug|Any CPU
		Release|Any CPU = Release|Any CPU
	EndGlobalSection
	GlobalSection(ProjectConfigurationPlatforms) = postSolution
		{F2631931-5DBA-477F-9D7C-AAF944323815}.Debug|Any CPU.ActiveCfg = Debug|Any CPU
		{F2631931-5DBA-477F-9D7C-AAF944323815}.Debug|Any CPU.Build.0 = Debug|Any CPU
		{F2631931-5DBA-477F-9D7C-AAF944323815}.Release|Any CPU.ActiveCfg = Release|Any CPU
		{F2631931-5DBA-477F-9D7C-AAF944323815}.Release|Any CPU.Build.0 = Release|Any CPU
	EndGlobalSection
	GlobalSection(SolutionProperties) = preSolution
		HideSolutionNode = FALSE
	EndGlobalSection
	GlobalSection(ExtensibilityGlobals) = postSolution
		SolutionGuid = {C04911F1-7941-42FF-B024-3FC662D9E756}
	EndGlobalSection
EndGlobal
